github.com/frieserlabs/hugo-theme-novela v0.0.2 h1:wNlJc/PBDellUAN5g+XMNXRCj2A9DD/KZN88m9Jp0Zk=
github.com/frieserlabs/hugo-theme-novela v0.0.2/go.mod h1:aNE2kZQmHURKZS2IXkvXt0S4hG5wys6sKkP2T0Ay950=
github.com/frieserlabs/hugo-theme-novela v0.0.3 h1:xJg9cMKxxbGVHKkZa9jbf2zeWzE2SztmZ0ZalmCcgoI=
github.com/frieserlabs/hugo-theme-novela v0.0.3/go.mod h1:aNE2kZQmHURKZS2IXkvXt0S4hG5wys6sKkP2T0Ay950=
github.com/frieserlabs/hugo-theme-novela v0.0.4 h1:rmtVksbO1w5Cs/OzOEU7AfLrarnDEDI51EICobyKpm0=
github.com/frieserlabs/hugo-theme-novela v0.0.4/go.mod h1:aNE2kZQmHURKZS2IXkvXt0S4hG5wys6sKkP2T0Ay950=
github.com/frieserlabs/hugo-theme-novela v0.0.5 h1:Swn0M9bjHD/LA8CPKNQFJmYEpNDUQrTlQOH9suStnA0=
github.com/frieserlabs/hugo-theme-novela v0.0.5/go.mod h1:aNE2kZQmHURKZS2IXkvXt0S4hG5wys6sKkP2T0Ay950=
github.com/frieserlabs/hugo-theme-novela v0.0.6 h1:TkRbluEdk66X/xUfLuHtTl3miIEIxNO8Zmk7GKQY+bQ=
github.com/frieserlabs/hugo-theme-novela v0.0.6/go.mod h1:aNE2kZQmHURKZS2IXkvXt0S4hG5wys6sKkP2T0Ay950=
github.com/frieserlabs/hugo-theme-novela v0.0.7 h1:TRiz3oVSzQI6aVmGpPgQBRHoSyHEvjpDI0rgBc1wbDI=
github.com/frieserlabs/hugo-theme-novela v0.0.7/go.mod h1:aNE2kZQmHURKZS2IXkvXt0S4hG5wys6sKkP2T0Ay950=
github.com/frieserlabs/hugo-theme-novela v0.0.8 h1:jBqTPQmWYBf/8szO0dAxws8OgBRoPscidnljOvfP0tQ=
github.com/frieserlabs/hugo-theme-novela v0.0.8/go.mod h1:aNE2kZQmHURKZS2IXkvXt0S4hG5wys6sKkP2T0Ay950=
